// !$*UTF8*$!
{
	archiveVersion = 1;
	classes = {
	};
	objectVersion = 50;
	objects = {

/* Begin PBXBuildFile section */
		18EDCD85271912A800489777 /* EasyClipApp.swift in Sources */ = {isa = PBXBuildFile; fileRef = 18EDCD84271912A800489777 /* EasyClipApp.swift */; };
		18EDCD87271912A800489777 /* ContentView.swift in Sources */ = {isa = PBXBuildFile; fileRef = 18EDCD86271912A800489777 /* ContentView.swift */; };
		18EDCD89271912A900489777 /* Assets.xcassets in Resources */ = {isa = PBXBuildFile; fileRef = 18EDCD88271912A900489777 /* Assets.xcassets */; };
		18EDCD8C271912A900489777 /* Preview Assets.xcassets in Resources */ = {isa = PBXBuildFile; fileRef = 18EDCD8B271912A900489777 /* Preview Assets.xcassets */; };
		18EDCD8E271912A900489777 /* Persistence.swift in Sources */ = {isa = PBXBuildFile; fileRef = 18EDCD8D271912A900489777 /* Persistence.swift */; };
		18EDCD91271912A900489777 /* EasyClip.xcdatamodeld in Sources */ = {isa = PBXBuildFile; fileRef = 18EDCD8F271912A900489777 /* EasyClip.xcdatamodeld */; };
		18EDCD9D271912A900489777 /* EasyClipTests.swift in Sources */ = {isa = PBXBuildFile; fileRef = 18EDCD9C271912A900489777 /* EasyClipTests.swift */; };
		18EDCDA8271912A900489777 /* EasyClipUITests.swift in Sources */ = {isa = PBXBuildFile; fileRef = 18EDCDA7271912A900489777 /* EasyClipUITests.swift */; };
/* End PBXBuildFile section */

/* Begin PBXContainerItemProxy section */
		18EDCD99271912A900489777 /* PBXContainerItemProxy */ = {
			isa = PBXContainerItemProxy;
			containerPortal = 18EDCD79271912A800489777 /* Project object */;
			proxyType = 1;
			remoteGlobalIDString = 18EDCD80271912A800489777;
			remoteInfo = EasyClip;
		};
		18EDCDA4271912A900489777 /* PBXContainerItemProxy */ = {
			isa = PBXContainerItemProxy;
			containerPortal = 18EDCD79271912A800489777 /* Project object */;
			proxyType = 1;
			remoteGlobalIDString = 18EDCD80271912A800489777;
			remoteInfo = EasyClip;
		};
/* End PBXContainerItemProxy section */

/* Begin PBXFileReference section */
		18EDCD81271912A800489777 /* EasyClip.app */ = {isa = PBXFileReference; explicitFileType = wrapper.application; includeInIndex = 0; path = EasyClip.app; sourceTree = BUILT_PRODUCTS_DIR; };
		18EDCD84271912A800489777 /* EasyClipApp.swift */ = {isa = PBXFileReference; lastKnownFileType = sourcecode.swift; path = EasyClipApp.swift; sourceTree = "<group>"; };
		18EDCD86271912A800489777 /* ContentView.swift */ = {isa = PBXFileReference; lastKnownFileType = sourcecode.swift; path = ContentView.swift; sourceTree = "<group>"; };
		18EDCD88271912A900489777 /* Assets.xcassets */ = {isa = PBXFileReference; lastKnownFileType = folder.assetcatalog; path = Assets.xcassets; sourceTree = "<group>"; };
		18EDCD8B271912A900489777 /* Preview Assets.xcassets */ = {isa = PBXFileReference; lastKnownFileType = folder.assetcatalog; path = "Preview Assets.xcassets"; sourceTree = "<group>"; };
		18EDCD8D271912A900489777 /* Persistence.swift */ = {isa = PBXFileReference; lastKnownFileType = sourcecode.swift; path = Persistence.swift; sourceTree = "<group>"; };
		18EDCD90271912A900489777 /* EasyClip.xcdatamodel */ = {isa = PBXFileReference; lastKnownFileType = wrapper.xcdatamodel; path = EasyClip.xcdatamodel; sourceTree = "<group>"; };
		18EDCD92271912A900489777 /* Info.plist */ = {isa = PBXFileReference; lastKnownFileType = text.plist.xml; path = Info.plist; sourceTree = "<group>"; };
		18EDCD93271912A900489777 /* EasyClip.entitlements */ = {isa = PBXFileReference; lastKnownFileType = text.plist.entitlements; path = EasyClip.entitlements; sourceTree = "<group>"; };
		18EDCD98271912A900489777 /* EasyClipTests.xctest */ = {isa = PBXFileReference; explicitFileType = wrapper.cfbundle; includeInIndex = 0; path = EasyClipTests.xctest; sourceTree = BUILT_PRODUCTS_DIR; };
		18EDCD9C271912A900489777 /* EasyClipTests.swift */ = {isa = PBXFileReference; lastKnownFileType = sourcecode.swift; path = EasyClipTests.swift; sourceTree = "<group>"; };
		18EDCD9E271912A900489777 /* Info.plist */ = {isa = PBXFileReference; lastKnownFileType = text.plist.xml; path = Info.plist; sourceTree = "<group>"; };
		18EDCDA3271912A900489777 /* EasyClipUITests.xctest */ = {isa = PBXFileReference; explicitFileType = wrapper.cfbundle; includeInIndex = 0; path = EasyClipUITests.xctest; sourceTree = BUILT_PRODUCTS_DIR; };
		18EDCDA7271912A900489777 /* EasyClipUITests.swift */ = {isa = PBXFileReference; lastKnownFileType = sourcecode.swift; path = EasyClipUITests.swift; sourceTree = "<group>"; };
		18EDCDA9271912A900489777 /* Info.plist */ = {isa = PBXFileReference; lastKnownFileType = text.plist.xml; path = Info.plist; sourceTree = "<group>"; };
/* End PBXFileReference section */

/* Begin PBXFrameworksBuildPhase section */
		18EDCD7E271912A800489777 /* Frameworks */ = {
			isa = PBXFrameworksBuildPhase;
			buildActionMask = 2147483647;
			files = (
			);
			runOnlyForDeploymentPostprocessing = 0;
		};
		18EDCD95271912A900489777 /* Frameworks */ = {
			isa = PBXFrameworksBuildPhase;
			buildActionMask = 2147483647;
			files = (
			);
			runOnlyForDeploymentPostprocessing = 0;
		};
		18EDCDA0271912A900489777 /* Frameworks */ = {
			isa = PBXFrameworksBuildPhase;
			buildActionMask = 2147483647;
			files = (
			);
			runOnlyForDeploymentPostprocessing = 0;
		};
/* End PBXFrameworksBuildPhase section */

/* Begin PBXGroup section */
		18EDCD78271912A800489777 = {
			isa = PBXGroup;
			children = (
				18EDCD83271912A800489777 /* EasyClip */,
				18EDCD9B271912A900489777 /* EasyClipTests */,
				18EDCDA6271912A900489777 /* EasyClipUITests */,
				18EDCD82271912A800489777 /* Products */,
			);
			sourceTree = "<group>";
		};
		18EDCD82271912A800489777 /* Products */ = {
			isa = PBXGroup;
			children = (
				18EDCD81271912A800489777 /* EasyClip.app */,
				18EDCD98271912A900489777 /* EasyClipTests.xctest */,
				18EDCDA3271912A900489777 /* EasyClipUITests.xctest */,
			);
			name = Products;
			sourceTree = "<group>";
		};
		18EDCD83271912A800489777 /* EasyClip */ = {
			isa = PBXGroup;
			children = (
				18EDCD93271912A900489777 /* EasyClip.entitlements */,
				18EDCD84271912A800489777 /* EasyClipApp.swift */,
				18EDCD86271912A800489777 /* ContentView.swift */,
				18EDCDB6271912E400489777 /* CoreData */,
				18EDCDB5271912CD00489777 /* Supporting Files */,
				18EDCD8A271912A900489777 /* Preview Content */,
			);
			path = EasyClip;
			sourceTree = "<group>";
		};
		18EDCD8A271912A900489777 /* Preview Content */ = {
			isa = PBXGroup;
			children = (
				18EDCD8B271912A900489777 /* Preview Assets.xcassets */,
			);
			path = "Preview Content";
			sourceTree = "<group>";
		};
		18EDCD9B271912A900489777 /* EasyClipTests */ = {
			isa = PBXGroup;
			children = (
				18EDCD9C271912A900489777 /* EasyClipTests.swift */,
				18EDCD9E271912A900489777 /* Info.plist */,
			);
			path = EasyClipTests;
			sourceTree = "<group>";
		};
		18EDCDA6271912A900489777 /* EasyClipUITests */ = {
			isa = PBXGroup;
			children = (
				18EDCDA7271912A900489777 /* EasyClipUITests.swift */,
				18EDCDA9271912A900489777 /* Info.plist */,
			);
			path = EasyClipUITests;
			sourceTree = "<group>";
		};
		18EDCDB5271912CD00489777 /* Supporting Files */ = {
			isa = PBXGroup;
			children = (
				18EDCD88271912A900489777 /* Assets.xcassets */,
				18EDCD92271912A900489777 /* Info.plist */,
			);
			path = "Supporting Files";
			sourceTree = "<group>";
		};
		18EDCDB6271912E400489777 /* CoreData */ = {
			isa = PBXGroup;
			children = (
				18EDCD8D271912A900489777 /* Persistence.swift */,
				18EDCD8F271912A900489777 /* EasyClip.xcdatamodeld */,
			);
			path = CoreData;
			sourceTree = "<group>";
		};
/* End PBXGroup section */

/* Begin PBXNativeTarget section */
		18EDCD80271912A800489777 /* EasyClip */ = {
			isa = PBXNativeTarget;
			buildConfigurationList = 18EDCDAC271912A900489777 /* Build configuration list for PBXNativeTarget "EasyClip" */;
			buildPhases = (
				18EDCD7D271912A800489777 /* Sources */,
				18EDCD7E271912A800489777 /* Frameworks */,
				18EDCD7F271912A800489777 /* Resources */,
			);
			buildRules = (
			);
			dependencies = (
			);
			name = EasyClip;
			productName = EasyClip;
			productReference = 18EDCD81271912A800489777 /* EasyClip.app */;
			productType = "com.apple.product-type.application";
		};
		18EDCD97271912A900489777 /* EasyClipTests */ = {
			isa = PBXNativeTarget;
			buildConfigurationList = 18EDCDAF271912A900489777 /* Build configuration list for PBXNativeTarget "EasyClipTests" */;
			buildPhases = (
				18EDCD94271912A900489777 /* Sources */,
				18EDCD95271912A900489777 /* Frameworks */,
				18EDCD96271912A900489777 /* Resources */,
			);
			buildRules = (
			);
			dependencies = (
				18EDCD9A271912A900489777 /* PBXTargetDependency */,
			);
			name = EasyClipTests;
			productName = EasyClipTests;
			productReference = 18EDCD98271912A900489777 /* EasyClipTests.xctest */;
			productType = "com.apple.product-type.bundle.unit-test";
		};
		18EDCDA2271912A900489777 /* EasyClipUITests */ = {
			isa = PBXNativeTarget;
			buildConfigurationList = 18EDCDB2271912A900489777 /* Build configuration list for PBXNativeTarget "EasyClipUITests" */;
			buildPhases = (
				18EDCD9F271912A900489777 /* Sources */,
				18EDCDA0271912A900489777 /* Frameworks */,
				18EDCDA1271912A900489777 /* Resources */,
			);
			buildRules = (
			);
			dependencies = (
				18EDCDA5271912A900489777 /* PBXTargetDependency */,
			);
			name = EasyClipUITests;
			productName = EasyClipUITests;
			productReference = 18EDCDA3271912A900489777 /* EasyClipUITests.xctest */;
			productType = "com.apple.product-type.bundle.ui-testing";
		};
/* End PBXNativeTarget section */

/* Begin PBXProject section */
		18EDCD79271912A800489777 /* Project object */ = {
			isa = PBXProject;
			attributes = {
				LastSwiftUpdateCheck = 1250;
				LastUpgradeCheck = 1250;
				TargetAttributes = {
					18EDCD80271912A800489777 = {
						CreatedOnToolsVersion = 12.5.1;
					};
					18EDCD97271912A900489777 = {
						CreatedOnToolsVersion = 12.5.1;
						TestTargetID = 18EDCD80271912A800489777;
					};
					18EDCDA2271912A900489777 = {
						CreatedOnToolsVersion = 12.5.1;
						TestTargetID = 18EDCD80271912A800489777;
					};
				};
			};
			buildConfigurationList = 18EDCD7C271912A800489777 /* Build configuration list for PBXProject "EasyClip" */;
			compatibilityVersion = "Xcode 9.3";
			developmentRegion = en;
			hasScannedForEncodings = 0;
			knownRegions = (
				en,
				Base,
			);
			mainGroup = 18EDCD78271912A800489777;
			productRefGroup = 18EDCD82271912A800489777 /* Products */;
			projectDirPath = "";
			projectRoot = "";
			targets = (
				18EDCD80271912A800489777 /* EasyClip */,
				18EDCD97271912A900489777 /* EasyClipTests */,
				18EDCDA2271912A900489777 /* EasyClipUITests */,
			);
		};
/* End PBXProject section */

/* Begin PBXResourcesBuildPhase section */
		18EDCD7F271912A800489777 /* Resources */ = {
			isa = PBXResourcesBuildPhase;
			buildActionMask = 2147483647;
			files = (
				18EDCD8C271912A900489777 /* Preview Assets.xcassets in Resources */,
				18EDCD89271912A900489777 /* Assets.xcassets in Resources */,
			);
			runOnlyForDeploymentPostprocessing = 0;
		};
		18EDCD96271912A900489777 /* Resources */ = {
			isa = PBXResourcesBuildPhase;
			buildActionMask = 2147483647;
			files = (
			);
			runOnlyForDeploymentPostprocessing = 0;
		};
		18EDCDA1271912A900489777 /* Resources */ = {
			isa = PBXResourcesBuildPhase;
			buildActionMask = 2147483647;
			files = (
			);
			runOnlyForDeploymentPostprocessing = 0;
		};
/* End PBXResourcesBuildPhase section */

/* Begin PBXSourcesBuildPhase section */
		18EDCD7D271912A800489777 /* Sources */ = {
			isa = PBXSourcesBuildPhase;
			buildActionMask = 2147483647;
			files = (
				18EDCD8E271912A900489777 /* Persistence.swift in Sources */,
				18EDCD87271912A800489777 /* ContentView.swift in Sources */,
				18EDCD85271912A800489777 /* EasyClipApp.swift in Sources */,
				18EDCD91271912A900489777 /* EasyClip.xcdatamodeld in Sources */,
			);
			runOnlyForDeploymentPostprocessing = 0;
		};
		18EDCD94271912A900489777 /* Sources */ = {
			isa = PBXSourcesBuildPhase;
			buildActionMask = 2147483647;
			files = (
				18EDCD9D271912A900489777 /* EasyClipTests.swift in Sources */,
			);
			runOnlyForDeploymentPostprocessing = 0;
		};
		18EDCD9F271912A900489777 /* Sources */ = {
			isa = PBXSourcesBuildPhase;
			buildActionMask = 2147483647;
			files = (
				18EDCDA8271912A900489777 /* EasyClipUITests.swift in Sources */,
			);
			runOnlyForDeploymentPostprocessing = 0;
		};
/* End PBXSourcesBuildPhase section */

/* Begin PBXTargetDependency section */
		18EDCD9A271912A900489777 /* PBXTargetDependency */ = {
			isa = PBXTargetDependency;
			target = 18EDCD80271912A800489777 /* EasyClip */;
			targetProxy = 18EDCD99271912A900489777 /* PBXContainerItemProxy */;
		};
		18EDCDA5271912A900489777 /* PBXTargetDependency */ = {
			isa = PBXTargetDependency;
			target = 18EDCD80271912A800489777 /* EasyClip */;
			targetProxy = 18EDCDA4271912A900489777 /* PBXContainerItemProxy */;
		};
/* End PBXTargetDependency section */

/* Begin XCBuildConfiguration section */
		18EDCDAA271912A900489777 /* Debug */ = {
			isa = XCBuildConfiguration;
			buildSettings = {
				ALWAYS_SEARCH_USER_PATHS = NO;
				CLANG_ANALYZER_NONNULL = YES;
				CLANG_ANALYZER_NUMBER_OBJECT_CONVERSION = YES_AGGRESSIVE;
				CLANG_CXX_LANGUAGE_STANDARD = "gnu++14";
				CLANG_CXX_LIBRARY = "libc++";
				CLANG_ENABLE_MODULES = YES;
				CLANG_ENABLE_OBJC_ARC = YES;
				CLANG_ENABLE_OBJC_WEAK = YES;
				CLANG_WARN_BLOCK_CAPTURE_AUTORELEASING = YES;
				CLANG_WARN_BOOL_CONVERSION = YES;
				CLANG_WARN_COMMA = YES;
				CLANG_WARN_CONSTANT_CONVERSION = YES;
				CLANG_WARN_DEPRECATED_OBJC_IMPLEMENTATIONS = YES;
				CLANG_WARN_DIRECT_OBJC_ISA_USAGE = YES_ERROR;
				CLANG_WARN_DOCUMENTATION_COMMENTS = YES;
				CLANG_WARN_EMPTY_BODY = YES;
				CLANG_WARN_ENUM_CONVERSION = YES;
				CLANG_WARN_INFINITE_RECURSION = YES;
				CLANG_WARN_INT_CONVERSION = YES;
				CLANG_WARN_NON_LITERAL_NULL_CONVERSION = YES;
				CLANG_WARN_OBJC_IMPLICIT_RETAIN_SELF = YES;
				CLANG_WARN_OBJC_LITERAL_CONVERSION = YES;
				CLANG_WARN_OBJC_ROOT_CLASS = YES_ERROR;
				CLANG_WARN_QUOTED_INCLUDE_IN_FRAMEWORK_HEADER = YES;
				CLANG_WARN_RANGE_LOOP_ANALYSIS = YES;
				CLANG_WARN_STRICT_PROTOTYPES = YES;
				CLANG_WARN_SUSPICIOUS_MOVE = YES;
				CLANG_WARN_UNGUARDED_AVAILABILITY = YES_AGGRESSIVE;
				CLANG_WARN_UNREACHABLE_CODE = YES;
				CLANG_WARN__DUPLICATE_METHOD_MATCH = YES;
				COPY_PHASE_STRIP = NO;
				DEBUG_INFORMATION_FORMAT = dwarf;
				ENABLE_STRICT_OBJC_MSGSEND = YES;
				ENABLE_TESTABILITY = YES;
				GCC_C_LANGUAGE_STANDARD = gnu11;
				GCC_DYNAMIC_NO_PIC = NO;
				GCC_NO_COMMON_BLOCKS = YES;
				GCC_OPTIMIZATION_LEVEL = 0;
				GCC_PREPROCESSOR_DEFINITIONS = (
					"DEBUG=1",
					"$(inherited)",
				);
				GCC_WARN_64_TO_32_BIT_CONVERSION = YES;
				GCC_WARN_ABOUT_RETURN_TYPE = YES_ERROR;
				GCC_WARN_UNDECLARED_SELECTOR = YES;
				GCC_WARN_UNINITIALIZED_AUTOS = YES_AGGRESSIVE;
				GCC_WARN_UNUSED_FUNCTION = YES;
				GCC_WARN_UNUSED_VARIABLE = YES;
				MACOSX_DEPLOYMENT_TARGET = 11.3;
				MTL_ENABLE_DEBUG_INFO = INCLUDE_SOURCE;
				MTL_FAST_MATH = YES;
				ONLY_ACTIVE_ARCH = YES;
				SDKROOT = macosx;
				SWIFT_ACTIVE_COMPILATION_CONDITIONS = DEBUG;
				SWIFT_OPTIMIZATION_LEVEL = "-Onone";
			};
			name = Debug;
		};
		18EDCDAB271912A900489777 /* Release */ = {
			isa = XCBuildConfiguration;
			buildSettings = {
				ALWAYS_SEARCH_USER_PATHS = NO;
				CLANG_ANALYZER_NONNULL = YES;
				CLANG_ANALYZER_NUMBER_OBJECT_CONVERSION = YES_AGGRESSIVE;
				CLANG_CXX_LANGUAGE_STANDARD = "gnu++14";
				CLANG_CXX_LIBRARY = "libc++";
				CLANG_ENABLE_MODULES = YES;
				CLANG_ENABLE_OBJC_ARC = YES;
				CLANG_ENABLE_OBJC_WEAK = YES;
				CLANG_WARN_BLOCK_CAPTURE_AUTORELEASING = YES;
				CLANG_WARN_BOOL_CONVERSION = YES;
				CLANG_WARN_COMMA = YES;
				CLANG_WARN_CONSTANT_CONVERSION = YES;
				CLANG_WARN_DEPRECATED_OBJC_IMPLEMENTATIONS = YES;
				CLANG_WARN_DIRECT_OBJC_ISA_USAGE = YES_ERROR;
				CLANG_WARN_DOCUMENTATION_COMMENTS = YES;
				CLANG_WARN_EMPTY_BODY = YES;
				CLANG_WARN_ENUM_CONVERSION = YES;
				CLANG_WARN_INFINITE_RECURSION = YES;
				CLANG_WARN_INT_CONVERSION = YES;
				CLANG_WARN_NON_LITERAL_NULL_CONVERSION = YES;
				CLANG_WARN_OBJC_IMPLICIT_RETAIN_SELF = YES;
				CLANG_WARN_OBJC_LITERAL_CONVERSION = YES;
				CLANG_WARN_OBJC_ROOT_CLASS = YES_ERROR;
				CLANG_WARN_QUOTED_INCLUDE_IN_FRAMEWORK_HEADER = YES;
				CLANG_WARN_RANGE_LOOP_ANALYSIS = YES;
				CLANG_WARN_STRICT_PROTOTYPES = YES;
				CLANG_WARN_SUSPICIOUS_MOVE = YES;
				CLANG_WARN_UNGUARDED_AVAILABILITY = YES_AGGRESSIVE;
				CLANG_WARN_UNREACHABLE_CODE = YES;
				CLANG_WARN__DUPLICATE_METHOD_MATCH = YES;
				COPY_PHASE_STRIP = NO;
				DEBUG_INFORMATION_FORMAT = "dwarf-with-dsym";
				ENABLE_NS_ASSERTIONS = NO;
				ENABLE_STRICT_OBJC_MSGSEND = YES;
				GCC_C_LANGUAGE_STANDARD = gnu11;
				GCC_NO_COMMON_BLOCKS = YES;
				GCC_WARN_64_TO_32_BIT_CONVERSION = YES;
				GCC_WARN_ABOUT_RETURN_TYPE = YES_ERROR;
				GCC_WARN_UNDECLARED_SELECTOR = YES;
				GCC_WARN_UNINITIALIZED_AUTOS = YES_AGGRESSIVE;
				GCC_WARN_UNUSED_FUNCTION = YES;
				GCC_WARN_UNUSED_VARIABLE = YES;
				MACOSX_DEPLOYMENT_TARGET = 11.3;
				MTL_ENABLE_DEBUG_INFO = NO;
				MTL_FAST_MATH = YES;
				SDKROOT = macosx;
				SWIFT_COMPILATION_MODE = wholemodule;
				SWIFT_OPTIMIZATION_LEVEL = "-O";
			};
			name = Release;
		};
		18EDCDAD271912A900489777 /* Debug */ = {
			isa = XCBuildConfiguration;
			buildSettings = {
				ASSETCATALOG_COMPILER_APPICON_NAME = AppIcon;
				ASSETCATALOG_COMPILER_GLOBAL_ACCENT_COLOR_NAME = AccentColor;
				CODE_SIGN_ENTITLEMENTS = EasyClip/EasyClip.entitlements;
				CODE_SIGN_STYLE = Automatic;
				COMBINE_HIDPI_IMAGES = YES;
				DEVELOPMENT_ASSET_PATHS = "\"EasyClip/Preview Content\"";
				ENABLE_PREVIEWS = YES;
				INFOPLIST_FILE = "EasyClip/Supporting Files/Info.plist";
				LD_RUNPATH_SEARCH_PATHS = (
					"$(inherited)",
					"@executable_path/../Frameworks",
				);
				MACOSX_DEPLOYMENT_TARGET = 11.0;
				PRODUCT_BUNDLE_IDENTIFIER = zhizhangyi.EasyClip;
				PRODUCT_NAME = "$(TARGET_NAME)";
				SWIFT_VERSION = 5.0;
			};
			name = Debug;
		};
		18EDCDAE271912A900489777 /* Release */ = {
			isa = XCBuildConfiguration;
			buildSettings = {
				ASSETCATALOG_COMPILER_APPICON_NAME = AppIcon;
				ASSETCATALOG_COMPILER_GLOBAL_ACCENT_COLOR_NAME = AccentColor;
				CODE_SIGN_ENTITLEMENTS = EasyClip/EasyClip.entitlements;
				CODE_SIGN_STYLE = Automatic;
				COMBINE_HIDPI_IMAGES = YES;
				DEVELOPMENT_ASSET_PATHS = "\"EasyClip/Preview Content\"";
				ENABLE_PREVIEWS = YES;
				INFOPLIST_FILE = "EasyClip/Supporting Files/Info.plist";
				LD_RUNPATH_SEARCH_PATHS = (
					"$(inherited)",
					"@executable_path/../Frameworks",
				);
				MACOSX_DEPLOYMENT_TARGET = 11.0;
				PRODUCT_BUNDLE_IDENTIFIER = zhizhangyi.EasyClip;
				PRODUCT_NAME = "$(TARGET_NAME)";
				SWIFT_VERSION = 5.0;
			};
			name = Release;
		};
		18EDCDB0271912A900489777 /* Debug */ = {
			isa = XCBuildConfiguration;
			buildSettings = {
				ALWAYS_EMBED_SWIFT_STANDARD_LIBRARIES = YES;
				BUNDLE_LOADER = "$(TEST_HOST)";
				CODE_SIGN_STYLE = Automatic;
				COMBINE_HIDPI_IMAGES = YES;
				INFOPLIST_FILE = EasyClipTests/Info.plist;
				LD_RUNPATH_SEARCH_PATHS = (
					"$(inherited)",
					"@executable_path/../Frameworks",
					"@loader_path/../Frameworks",
				);
				MACOSX_DEPLOYMENT_TARGET = 11.0;
				PRODUCT_BUNDLE_IDENTIFIER = zhizhangyi.EasyClipTests;
				PRODUCT_NAME = "$(TARGET_NAME)";
				SWIFT_VERSION = 5.0;
				TEST_HOST = "$(BUILT_PRODUCTS_DIR)/EasyClip.app/Contents/MacOS/EasyClip";
			};
			name = Debug;
		};
		18EDCDB1271912A900489777 /* Release */ = {
			isa = XCBuildConfiguration;
			buildSettings = {
				ALWAYS_EMBED_SWIFT_STANDARD_LIBRARIES = YES;
				BUNDLE_LOADER = "$(TEST_HOST)";
				CODE_SIGN_STYLE = Automatic;
				COMBINE_HIDPI_IMAGES = YES;
				INFOPLIST_FILE = EasyClipTests/Info.plist;
				LD_RUNPATH_SEARCH_PATHS = (
					"$(inherited)",
					"@executable_path/../Frameworks",
					"@loader_path/../Frameworks",
				);
				MACOSX_DEPLOYMENT_TARGET = 11.0;
				PRODUCT_BUNDLE_IDENTIFIER = zhizhangyi.EasyClipTests;
				PRODUCT_NAME = "$(TARGET_NAME)";
				SWIFT_VERSION = 5.0;
				TEST_HOST = "$(BUILT_PRODUCTS_DIR)/EasyClip.app/Contents/MacOS/EasyClip";
			};
			name = Release;
		};
		18EDCDB3271912A900489777 /* Debug */ = {
			isa = XCBuildConfiguration;
			buildSettings = {
				ALWAYS_EMBED_SWIFT_STANDARD_LIBRARIES = YES;
				CODE_SIGN_STYLE = Automatic;
				COMBINE_HIDPI_IMAGES = YES;
				INFOPLIST_FILE = EasyClipUITests/Info.plist;
				LD_RUNPATH_SEARCH_PATHS = (
					"$(inherited)",
					"@executable_path/../Frameworks",
					"@loader_path/../Frameworks",
				);
				PRODUCT_BUNDLE_IDENTIFIER = zhizhangyi.EasyClipUITests;
				PRODUCT_NAME = "$(TARGET_NAME)";
				SWIFT_VERSION = 5.0;
				TEST_TARGET_NAME = EasyClip;
			};
			name = Debug;
		};
		18EDCDB4271912A900489777 /* Release */ = {
			isa = XCBuildConfiguration;
			buildSettings = {
				ALWAYS_EMBED_SWIFT_STANDARD_LIBRARIES = YES;
				CODE_SIGN_STYLE = Automatic;
				COMBINE_HIDPI_IMAGES = YES;
				INFOPLIST_FILE = EasyClipUITests/Info.plist;
				LD_RUNPATH_SEARCH_PATHS = (
					"$(inherited)",
					"@executable_path/../Frameworks",
					"@loader_path/../Frameworks",
				);
				PRODUCT_BUNDLE_IDENTIFIER = zhizhangyi.EasyClipUITests;
				PRODUCT_NAME = "$(TARGET_NAME)";
				SWIFT_VERSION = 5.0;
				TEST_TARGET_NAME = EasyClip;
			};
			name = Release;
		};
/* End XCBuildConfiguration section */

/* Begin XCConfigurationList section */
		18EDCD7C271912A800489777 /* Build configuration list for PBXProject "EasyClip" */ = {
			isa = XCConfigurationList;
			buildConfigurations = (
				18EDCDAA271912A900489777 /* Debug */,
				18EDCDAB271912A900489777 /* Release */,
			);
			defaultConfigurationIsVisible = 0;
			defaultConfigurationName = Release;
		};
		18EDCDAC271912A900489777 /* Build configuration list for PBXNativeTarget "EasyClip" */ = {
			isa = XCConfigurationList;
			buildConfigurations = (
				18EDCDAD271912A900489777 /* Debug */,
				18EDCDAE271912A900489777 /* Release */,
			);
			defaultConfigurationIsVisible = 0;
			defaultConfigurationName = Release;
		};
		18EDCDAF271912A900489777 /* Build configuration list for PBXNativeTarget "EasyClipTests" */ = {
			isa = XCConfigurationList;
			buildConfigurations = (
				18EDCDB0271912A900489777 /* Debug */,
				18EDCDB1271912A900489777 /* Release */,
			);
			defaultConfigurationIsVisible = 0;
			defaultConfigurationName = Release;
		};
		18EDCDB2271912A900489777 /* Build configuration list for PBXNativeTarget "EasyClipUITests" */ = {
			isa = XCConfigurationList;
			buildConfigurations = (
				18EDCDB3271912A900489777 /* Debug */,
				18EDCDB4271912A900489777 /* Release */,
			);
			defaultConfigurationIsVisible = 0;
			defaultConfigurationName = Release;
		};
/* End XCConfigurationList section */

/* Begin XCVersionGroup section */
		18EDCD8F271912A900489777 /* EasyClip.xcdatamodeld */ = {
			isa = XCVersionGroup;
			children = (
				18EDCD90271912A900489777 /* EasyClip.xcdatamodel */,
			);
			currentVersion = 18EDCD90271912A900489777 /* EasyClip.xcdatamodel */;
			path = EasyClip.xcdatamodeld;
			sourceTree = "<group>";
			versionGroupType = wrapper.xcdatamodel;
		};
/* End XCVersionGroup section */
	};
	rootObject = 18EDCD79271912A800489777 /* Project object */;
}
